{
  "version": 4,
  "terraform_version": "1.14.3",
  "serial": 73,
  "lineage": "558eee3a-7339-1909-5eb7-ac3ac11fdf68",
  "outputs": {
    "amplify_app_arn": {
      "value": "arn:aws:amplify:us-east-1:052869941234:apps/dyyzhyn0517sf",
      "type": "string"
    },
    "amplify_app_id": {
      "value": "dyyzhyn0517sf",
      "type": "string"
    },
    "amplify_console_url": {
      "value": "https://console.aws.amazon.com/amplify/home?region=us-east-1#/dyyzhyn0517sf",
      "type": "string"
    },
    "amplify_custom_domain": {
      "value": "https://dev.samwylock.com",
      "type": "string"
    },
    "amplify_default_domain": {
      "value": "https://master.dyyzhyn0517sf.amplifyapp.com",
      "type": "string"
    },
    "dns_instructions": {
      "value": "Custom Domain Configuration:\n============================\nDomain: dev.samwylock.com\n\nIf DNS is not automatically configured, add the following CNAME record in Route53:\n\nName: dev\nType: CNAME\nValue: dyyzhyn0517sf.amplifyapp.com\n\nSSL Certificate will be automatically provisioned by Amplify.",
      "type": "string"
    },
    "route53_aws_profile": {
      "value": "admin-legacy",
      "type": "string"
    },
    "s3_bucket_arn": {
      "value": "arn:aws:s3:::hover-admin-frontend-files",
      "type": "string"
    },
    "s3_bucket_name": {
      "value": "hover-admin-frontend-files",
      "type": "string"
    },
    "website_url": {
      "value": "https://samwylock.com",
      "type": "string"
    }
  },
  "resources": [
    {
      "mode": "managed",
      "type": "aws_amplify_app",
      "name": "frontend",
      "provider": "provider[\"registry.terraform.io/hashicorp/aws\"]",
      "instances": [
        {
          "schema_version": 0,
          "attributes": {
            "access_token": "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",
            "arn": "arn:aws:amplify:us-east-1:052869941234:apps/dyyzhyn0517sf",
            "auto_branch_creation_config": [],
            "auto_branch_creation_patterns": [],
            "basic_auth_credentials": "",
            "build_spec": "version: 1\r\nfrontend:\r\n  phases:\r\n    preBuild:\r\n      commands:\r\n        - npm ci\r\n    build:\r\n      commands:\r\n        - npm run build\r\n  artifacts:\r\n    baseDirectory: .next\r\n    files:\r\n      - '**/*'\r\n  cache:\r\n    paths:\r\n      - node_modules/**/*\r\n",
            "cache_config": [
              {
                "type": "AMPLIFY_MANAGED_NO_COOKIES"
              }
            ],
            "compute_role_arn": "",
            "custom_headers": "",
            "custom_rule": [
              {
                "condition": "",
                "source": "/\u003c*\u003e",
                "status": "404",
                "target": "/index.html"
              },
              {
                "condition": "",
                "source": "\u003c/^[^.]+$|\\.(?!(css|gif|ico|jpg|js|png|txt|svg|woff|woff2|ttf|map|json|webp)$)([^.]+$)/\u003e",
                "status": "200",
                "target": "/index.html"
              }
            ],
            "default_domain": "dyyzhyn0517sf.amplifyapp.com",
            "description": "",
            "enable_auto_branch_creation": false,
            "enable_basic_auth": false,
            "enable_branch_auto_build": true,
            "enable_branch_auto_deletion": false,
            "environment_variables": {
              "NEXT_PUBLIC_API_URL": "https://api.samwylock.com",
              "_LIVE_UPDATES": "[{\"pkg\":\"next-version\",\"type\":\"internal\",\"version\":\"latest\"}]"
            },
            "iam_service_role_arn": "",
            "id": "dyyzhyn0517sf",
            "name": "hover-admin-frontend-dev",
            "oauth_token": null,
            "platform": "WEB_COMPUTE",
            "production_branch": [],
            "repository": "https://github.com/sjw787/hover-admin-frontend",
            "tags": {
              "Name": "hover-admin-frontend-dev"
            },
            "tags_all": {
              "Environment": "dev",
              "ManagedBy": "Terraform",
              "Name": "hover-admin-frontend-dev",
              "Project": "Hover Admin Frontend"
            }
          },
          "sensitive_attributes": [
            [
              {
                "type": "get_attr",
                "value": "access_token"
              }
            ],
            [
              {
                "type": "get_attr",
                "value": "basic_auth_credentials"
              }
            ],
            [
              {
                "type": "get_attr",
                "value": "oauth_token"
              }
            ]
          ],
          "identity_schema_version": 0,
          "private": "bnVsbA=="
        }
      ]
    },
    {
      "mode": "managed",
      "type": "aws_amplify_branch",
      "name": "main",
      "provider": "provider[\"registry.terraform.io/hashicorp/aws\"]",
      "instances": [
        {
          "schema_version": 0,
          "attributes": {
            "app_id": "dyyzhyn0517sf",
            "arn": "arn:aws:amplify:us-east-1:052869941234:apps/dyyzhyn0517sf/branches/master",
            "associated_resources": [],
            "backend_environment_arn": "",
            "basic_auth_credentials": "",
            "branch_name": "master",
            "custom_domains": [],
            "description": "",
            "destination_branch": "",
            "display_name": "master",
            "enable_auto_build": true,
            "enable_basic_auth": false,
            "enable_notification": false,
            "enable_performance_mode": false,
            "enable_pull_request_preview": true,
            "environment_variables": {
              "NEXT_PUBLIC_API_URL": "https://api.samwylock.com"
            },
            "framework": "Next.js - SSR",
            "id": "dyyzhyn0517sf/master",
            "pull_request_environment_name": "",
            "source_branch": "",
            "stage": "DEVELOPMENT",
            "tags": {},
            "tags_all": {
              "Environment": "dev",
              "ManagedBy": "Terraform",
              "Project": "Hover Admin Frontend"
            },
            "ttl": "5"
          },
          "sensitive_attributes": [
            [
              {
                "type": "get_attr",
                "value": "basic_auth_credentials"
              }
            ]
          ],
          "identity_schema_version": 0,
          "private": "bnVsbA==",
          "dependencies": [
            "aws_amplify_app.frontend"
          ]
        }
      ]
    },
    {
      "mode": "managed",
      "type": "aws_amplify_domain_association",
      "name": "main",
      "provider": "provider[\"registry.terraform.io/hashicorp/aws\"]",
      "instances": [
        {
          "index_key": 0,
          "schema_version": 0,
          "attributes": {
            "app_id": "dyyzhyn0517sf",
            "arn": "arn:aws:amplify:us-east-1:052869941234:apps/dyyzhyn0517sf/domains/samwylock.com",
            "certificate_settings": [
              {
                "certificate_verification_dns_record": "_7f170a9a553efe4b6483901ae13906f6.samwylock.com. CNAME _e846b1967f6dac8a369bbe33c7c97c44.jkddzztszm.acm-validations.aws.",
                "custom_certificate_arn": "",
                "type": "AMPLIFY_MANAGED"
              }
            ],
            "certificate_verification_dns_record": "_7f170a9a553efe4b6483901ae13906f6.samwylock.com. CNAME _e846b1967f6dac8a369bbe33c7c97c44.jkddzztszm.acm-validations.aws.",
            "domain_name": "samwylock.com",
            "enable_auto_sub_domain": false,
            "id": "dyyzhyn0517sf/samwylock.com",
            "sub_domain": [
              {
                "branch_name": "master",
                "dns_record": "dev CNAME d17aqzy3xy3qmc.cloudfront.net",
                "prefix": "dev",
                "verified": false
              }
            ],
            "wait_for_verification": false
          },
          "sensitive_attributes": [],
          "identity_schema_version": 0,
          "private": "bnVsbA==",
          "dependencies": [
            "aws_amplify_app.frontend",
            "aws_amplify_branch.main"
          ]
        }
      ]
    },
    {
      "mode": "managed",
      "type": "aws_amplify_webhook",
      "name": "main",
      "provider": "provider[\"registry.terraform.io/hashicorp/aws\"]",
      "instances": []
    },
    {
      "mode": "managed",
      "type": "aws_cloudfront_function",
      "name": "url_rewrite",
      "provider": "provider[\"registry.terraform.io/hashicorp/aws\"].personal",
      "instances": [
        {
          "schema_version": 0,
          "attributes": {
            "arn": "arn:aws:cloudfront::339878329114:function/dev-url-rewrite",
            "code": "function handler(event) {\r\n    var request = event.request;\r\n    var uri = request.uri;\r\n\r\n    // Check if the URI already has a file extension\r\n    if (!uri.includes('.')) {\r\n        // Add .html extension\r\n        request.uri = uri + '.html';\r\n    } else if (uri.endsWith('/')) {\r\n        // If it ends with /, add index.html\r\n        request.uri = uri + 'index.html';\r\n    }\r\n\r\n    return request;\r\n}\r\n",
            "comment": "Add .html extension for Next.js static export",
            "etag": "ETVPDKIKX0DER",
            "id": "dev-url-rewrite",
            "key_value_store_associations": [],
            "live_stage_etag": "ETVPDKIKX0DER",
            "name": "dev-url-rewrite",
            "publish": true,
            "runtime": "cloudfront-js-1.0",
            "status": "UNASSOCIATED"
          },
          "sensitive_attributes": [],
          "identity_schema_version": 0,
          "private": "bnVsbA=="
        }
      ]
    },
    {
      "mode": "managed",
      "type": "aws_cloudfront_origin_access_identity",
      "name": "website",
      "provider": "provider[\"registry.terraform.io/hashicorp/aws\"].personal",
      "instances": [
        {
          "schema_version": 0,
          "attributes": {
            "arn": "arn:aws:cloudfront::339878329114:origin-access-identity/E3FB6CLC7GJ41E",
            "caller_reference": "terraform-20260116213020090000000001",
            "cloudfront_access_identity_path": "origin-access-identity/cloudfront/E3FB6CLC7GJ41E",
            "comment": "OAI for hover-admin-frontend-dev",
            "etag": "ETVPDKIKX0DER",
            "iam_arn": "arn:aws:iam::cloudfront:user/CloudFront Origin Access Identity E3FB6CLC7GJ41E",
            "id": "E3FB6CLC7GJ41E",
            "s3_canonical_user_id": "17c1f3122f4a0d31875d39c7ea7a2b1fb92856339cb5965055e3a541268aebc07a5d3db91b3d799c329c14dab78893b3"
          },
          "sensitive_attributes": [],
          "identity_schema_version": 0,
          "private": "bnVsbA=="
        }
      ]
    },
    {
      "mode": "managed",
      "type": "aws_iam_role",
      "name": "amplify_role",
      "provider": "provider[\"registry.terraform.io/hashicorp/aws\"]",
      "instances": [
        {
          "schema_version": 0,
          "attributes": {
            "arn": "arn:aws:iam::052869941234:role/hover-admin-frontend-amplify-role-dev",
            "assume_role_policy": "{\"Statement\":[{\"Action\":\"sts:AssumeRole\",\"Effect\":\"Allow\",\"Principal\":{\"Service\":\"amplify.amazonaws.com\"}}],\"Version\":\"2012-10-17\"}",
            "create_date": "2026-01-16T21:30:20Z",
            "description": "",
            "force_detach_policies": false,
            "id": "hover-admin-frontend-amplify-role-dev",
            "inline_policy": [
              {
                "name": "hover-admin-frontend-amplify-custom-dev",
                "policy": "{\"Version\":\"2012-10-17\",\"Statement\":[{\"Action\":[\"logs:CreateLogGroup\",\"logs:CreateLogStream\",\"logs:PutLogEvents\"],\"Effect\":\"Allow\",\"Resource\":\"arn:aws:logs:*:*:*\"}]}"
              }
            ],
            "managed_policy_arns": [
              "arn:aws:iam::aws:policy/AdministratorAccess-Amplify"
            ],
            "max_session_duration": 3600,
            "name": "hover-admin-frontend-amplify-role-dev",
            "name_prefix": "",
            "path": "/",
            "permissions_boundary": "",
            "tags": {
              "Name": "hover-admin-frontend-amplify-role"
            },
            "tags_all": {
              "Environment": "dev",
              "ManagedBy": "Terraform",
              "Name": "hover-admin-frontend-amplify-role",
              "Project": "Hover Admin Frontend"
            },
            "unique_id": "AROAQYT2LI7ZCCZWCEGSX"
          },
          "sensitive_attributes": [],
          "identity_schema_version": 0,
          "private": "bnVsbA=="
        }
      ]
    },
    {
      "mode": "managed",
      "type": "aws_iam_role_policy",
      "name": "amplify_custom",
      "provider": "provider[\"registry.terraform.io/hashicorp/aws\"]",
      "instances": [
        {
          "schema_version": 0,
          "attributes": {
            "id": "hover-admin-frontend-amplify-role-dev:hover-admin-frontend-amplify-custom-dev",
            "name": "hover-admin-frontend-amplify-custom-dev",
            "name_prefix": "",
            "policy": "{\"Version\":\"2012-10-17\",\"Statement\":[{\"Action\":[\"logs:CreateLogGroup\",\"logs:CreateLogStream\",\"logs:PutLogEvents\"],\"Effect\":\"Allow\",\"Resource\":\"arn:aws:logs:*:*:*\"}]}",
            "role": "hover-admin-frontend-amplify-role-dev"
          },
          "sensitive_attributes": [],
          "identity_schema_version": 0,
          "private": "bnVsbA==",
          "dependencies": [
            "aws_iam_role.amplify_role"
          ]
        }
      ]
    },
    {
      "mode": "managed",
      "type": "aws_iam_role_policy_attachment",
      "name": "amplify_backend_deployment",
      "provider": "provider[\"registry.terraform.io/hashicorp/aws\"]",
      "instances": [
        {
          "schema_version": 0,
          "attributes": {
            "id": "hover-admin-frontend-amplify-role-dev-20260116213020443400000001",
            "policy_arn": "arn:aws:iam::aws:policy/AdministratorAccess-Amplify",
            "role": "hover-admin-frontend-amplify-role-dev"
          },
          "sensitive_attributes": [],
          "identity_schema_version": 0,
          "private": "bnVsbA==",
          "dependencies": [
            "aws_iam_role.amplify_role"
          ]
        }
      ]
    },
    {
      "mode": "managed",
      "type": "aws_route53_record",
      "name": "amplify_domain",
      "provider": "provider[\"registry.terraform.io/hashicorp/aws\"].personal",
      "instances": [
        {
          "index_key": 0,
          "schema_version": 2,
          "attributes": {
            "alias": [],
            "allow_overwrite": null,
            "cidr_routing_policy": [],
            "failover_routing_policy": [],
            "fqdn": "dev.admin.samwylock.com",
            "geolocation_routing_policy": [],
            "geoproximity_routing_policy": [],
            "health_check_id": "",
            "id": "Z0463989E6ZRMK2X7OOO_dev.admin_CNAME",
            "latency_routing_policy": [],
            "multivalue_answer_routing_policy": false,
            "name": "dev.admin",
            "records": [
              "master.dyyzhyn0517sf.amplifyapp.com"
            ],
            "set_identifier": "",
            "timeouts": null,
            "ttl": 300,
            "type": "CNAME",
            "weighted_routing_policy": [],
            "zone_id": "Z0463989E6ZRMK2X7OOO"
          },
          "sensitive_attributes": [],
          "identity_schema_version": 0,
          "private": "eyJlMmJmYjczMC1lY2FhLTExZTYtOGY4OC0zNDM2M2JjN2M0YzAiOnsiY3JlYXRlIjoxODAwMDAwMDAwMDAwLCJkZWxldGUiOjE4MDAwMDAwMDAwMDAsInVwZGF0ZSI6MTgwMDAwMDAwMDAwMH0sInNjaGVtYV92ZXJzaW9uIjoiMiJ9",
          "dependencies": [
            "aws_amplify_app.frontend",
            "aws_amplify_branch.main",
            "aws_amplify_domain_association.main"
          ]
        }
      ]
    }
  ],
  "check_results": null
}
