{
  "version": 4,
  "terraform_version": "1.14.3",
  "serial": 71,
  "lineage": "558eee3a-7339-1909-5eb7-ac3ac11fdf68",
  "outputs": {
    "amplify_app_arn": {
      "value": "arn:aws:amplify:us-east-1:052869941234:apps/dyyzhyn0517sf",
      "type": "string"
    },
    "amplify_app_id": {
      "value": "dyyzhyn0517sf",
      "type": "string"
    },
    "amplify_console_url": {
      "value": "https://console.aws.amazon.com/amplify/home?region=us-east-1#/dyyzhyn0517sf",
      "type": "string"
    },
    "amplify_custom_domain": {
      "value": "https://dev.samwylock.com",
      "type": "string"
    },
    "amplify_default_domain": {
      "value": "https://master.dyyzhyn0517sf.amplifyapp.com",
      "type": "string"
    },
    "dns_instructions": {
      "value": "Custom Domain Configuration:\n============================\nDomain: dev.samwylock.com\n\nIf DNS is not automatically configured, add the following CNAME record in Route53:\n\nName: dev\nType: CNAME\nValue: dyyzhyn0517sf.amplifyapp.com\n\nSSL Certificate will be automatically provisioned by Amplify.",
      "type": "string"
    },
    "route53_aws_profile": {
      "value": "admin-legacy",
      "type": "string"
    },
    "s3_bucket_arn": {
      "value": "arn:aws:s3:::hover-admin-frontend-files",
      "type": "string"
    },
    "s3_bucket_name": {
      "value": "hover-admin-frontend-files",
      "type": "string"
    },
    "website_url": {
      "value": "https://samwylock.com",
      "type": "string"
    }
  },
  "resources": [
    {
      "mode": "data",
      "type": "aws_iam_policy_document",
      "name": "s3_policy",
      "provider": "provider[\"registry.terraform.io/hashicorp/aws\"]",
      "instances": [
        {
          "schema_version": 0,
          "attributes": {
            "id": "529526629",
            "json": "{\n  \"Version\": \"2012-10-17\",\n  \"Statement\": [\n    {\n      \"Sid\": \"AllowCloudFrontAccess\",\n      \"Effect\": \"Allow\",\n      \"Action\": \"s3:GetObject\",\n      \"Resource\": \"arn:aws:s3:::hover-admin-frontend-files/*\",\n      \"Principal\": {\n        \"AWS\": \"arn:aws:iam::cloudfront:user/CloudFront Origin Access Identity E3FB6CLC7GJ41E\"\n      }\n    }\n  ]\n}",
            "minified_json": "{\"Version\":\"2012-10-17\",\"Statement\":[{\"Sid\":\"AllowCloudFrontAccess\",\"Effect\":\"Allow\",\"Action\":\"s3:GetObject\",\"Resource\":\"arn:aws:s3:::hover-admin-frontend-files/*\",\"Principal\":{\"AWS\":\"arn:aws:iam::cloudfront:user/CloudFront Origin Access Identity E3FB6CLC7GJ41E\"}}]}",
            "override_json": null,
            "override_policy_documents": null,
            "policy_id": null,
            "source_json": null,
            "source_policy_documents": null,
            "statement": [
              {
                "actions": [
                  "s3:GetObject"
                ],
                "condition": [],
                "effect": "Allow",
                "not_actions": [],
                "not_principals": [],
                "not_resources": [],
                "principals": [
                  {
                    "identifiers": [
                      "arn:aws:iam::cloudfront:user/CloudFront Origin Access Identity E3FB6CLC7GJ41E"
                    ],
                    "type": "AWS"
                  }
                ],
                "resources": [
                  "arn:aws:s3:::hover-admin-frontend-files/*"
                ],
                "sid": "AllowCloudFrontAccess"
              }
            ],
            "version": "2012-10-17"
          },
          "sensitive_attributes": [],
          "identity_schema_version": 0
        }
      ]
    },
    {
      "mode": "managed",
      "type": "aws_amplify_app",
      "name": "frontend",
      "provider": "provider[\"registry.terraform.io/hashicorp/aws\"]",
      "instances": [
        {
          "schema_version": 0,
          "attributes": {
            "access_token": "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",
            "arn": "arn:aws:amplify:us-east-1:052869941234:apps/dyyzhyn0517sf",
            "auto_branch_creation_config": [],
            "auto_branch_creation_patterns": [],
            "basic_auth_credentials": "",
            "build_spec": "version: 1\r\nfrontend:\r\n  phases:\r\n    preBuild:\r\n      commands:\r\n        - npm ci\r\n    build:\r\n      commands:\r\n        - npm run build\r\n  artifacts:\r\n    baseDirectory: .next\r\n    files:\r\n      - '**/*'\r\n  cache:\r\n    paths:\r\n      - node_modules/**/*\r\n",
            "cache_config": [
              {
                "type": "AMPLIFY_MANAGED_NO_COOKIES"
              }
            ],
            "compute_role_arn": "",
            "custom_headers": "",
            "custom_rule": [
              {
                "condition": "",
                "source": "/\u003c*\u003e",
                "status": "404",
                "target": "/index.html"
              },
              {
                "condition": "",
                "source": "\u003c/^[^.]+$|\\.(?!(css|gif|ico|jpg|js|png|txt|svg|woff|woff2|ttf|map|json|webp)$)([^.]+$)/\u003e",
                "status": "200",
                "target": "/index.html"
              }
            ],
            "default_domain": "dyyzhyn0517sf.amplifyapp.com",
            "description": "",
            "enable_auto_branch_creation": false,
            "enable_basic_auth": false,
            "enable_branch_auto_build": true,
            "enable_branch_auto_deletion": false,
            "environment_variables": {
              "NEXT_PUBLIC_API_URL": "https://api.samwylock.com",
              "_LIVE_UPDATES": "[{\"pkg\":\"next-version\",\"type\":\"internal\",\"version\":\"latest\"}]"
            },
            "iam_service_role_arn": "",
            "id": "dyyzhyn0517sf",
            "name": "hover-admin-frontend-dev",
            "oauth_token": null,
            "platform": "WEB_COMPUTE",
            "production_branch": [],
            "repository": "https://github.com/sjw787/hover-admin-frontend",
            "tags": {
              "Name": "hover-admin-frontend-dev"
            },
            "tags_all": {
              "Environment": "dev",
              "ManagedBy": "Terraform",
              "Name": "hover-admin-frontend-dev",
              "Project": "Hover Admin Frontend"
            }
          },
          "sensitive_attributes": [
            [
              {
                "type": "get_attr",
                "value": "access_token"
              }
            ],
            [
              {
                "type": "get_attr",
                "value": "basic_auth_credentials"
              }
            ],
            [
              {
                "type": "get_attr",
                "value": "oauth_token"
              }
            ]
          ],
          "identity_schema_version": 0,
          "private": "bnVsbA=="
        }
      ]
    },
    {
      "mode": "managed",
      "type": "aws_amplify_branch",
      "name": "main",
      "provider": "provider[\"registry.terraform.io/hashicorp/aws\"]",
      "instances": [
        {
          "schema_version": 0,
          "attributes": {
            "app_id": "dyyzhyn0517sf",
            "arn": "arn:aws:amplify:us-east-1:052869941234:apps/dyyzhyn0517sf/branches/master",
            "associated_resources": [],
            "backend_environment_arn": "",
            "basic_auth_credentials": "",
            "branch_name": "master",
            "custom_domains": [],
            "description": "",
            "destination_branch": "",
            "display_name": "master",
            "enable_auto_build": true,
            "enable_basic_auth": false,
            "enable_notification": false,
            "enable_performance_mode": false,
            "enable_pull_request_preview": true,
            "environment_variables": {
              "NEXT_PUBLIC_API_URL": "https://api.samwylock.com"
            },
            "framework": "Next.js - SSR",
            "id": "dyyzhyn0517sf/master",
            "pull_request_environment_name": "",
            "source_branch": "",
            "stage": "DEVELOPMENT",
            "tags": {},
            "tags_all": {
              "Environment": "dev",
              "ManagedBy": "Terraform",
              "Project": "Hover Admin Frontend"
            },
            "ttl": "5"
          },
          "sensitive_attributes": [
            [
              {
                "type": "get_attr",
                "value": "basic_auth_credentials"
              }
            ]
          ],
          "identity_schema_version": 0,
          "private": "bnVsbA==",
          "dependencies": [
            "aws_amplify_app.frontend"
          ]
        }
      ]
    },
    {
      "mode": "managed",
      "type": "aws_amplify_domain_association",
      "name": "main",
      "provider": "provider[\"registry.terraform.io/hashicorp/aws\"]",
      "instances": [
        {
          "index_key": 0,
          "schema_version": 0,
          "attributes": {
            "app_id": "dyyzhyn0517sf",
            "arn": "arn:aws:amplify:us-east-1:052869941234:apps/dyyzhyn0517sf/domains/samwylock.com",
            "certificate_settings": [
              {
                "certificate_verification_dns_record": "_7f170a9a553efe4b6483901ae13906f6.samwylock.com. CNAME _e846b1967f6dac8a369bbe33c7c97c44.jkddzztszm.acm-validations.aws.",
                "custom_certificate_arn": "",
                "type": "AMPLIFY_MANAGED"
              }
            ],
            "certificate_verification_dns_record": "_7f170a9a553efe4b6483901ae13906f6.samwylock.com. CNAME _e846b1967f6dac8a369bbe33c7c97c44.jkddzztszm.acm-validations.aws.",
            "domain_name": "samwylock.com",
            "enable_auto_sub_domain": false,
            "id": "dyyzhyn0517sf/samwylock.com",
            "sub_domain": [
              {
                "branch_name": "master",
                "dns_record": "dev CNAME d17aqzy3xy3qmc.cloudfront.net",
                "prefix": "dev",
                "verified": false
              }
            ],
            "wait_for_verification": false
          },
          "sensitive_attributes": [],
          "identity_schema_version": 0,
          "private": "bnVsbA==",
          "dependencies": [
            "aws_amplify_app.frontend",
            "aws_amplify_branch.main"
          ]
        }
      ]
    },
    {
      "mode": "managed",
      "type": "aws_amplify_webhook",
      "name": "main",
      "provider": "provider[\"registry.terraform.io/hashicorp/aws\"]",
      "instances": []
    },
    {
      "mode": "managed",
      "type": "aws_cloudfront_function",
      "name": "url_rewrite",
      "provider": "provider[\"registry.terraform.io/hashicorp/aws\"].personal",
      "instances": [
        {
          "schema_version": 0,
          "attributes": {
            "arn": "arn:aws:cloudfront::339878329114:function/dev-url-rewrite",
            "code": "function handler(event) {\r\n    var request = event.request;\r\n    var uri = request.uri;\r\n\r\n    // Check if the URI already has a file extension\r\n    if (!uri.includes('.')) {\r\n        // Add .html extension\r\n        request.uri = uri + '.html';\r\n    } else if (uri.endsWith('/')) {\r\n        // If it ends with /, add index.html\r\n        request.uri = uri + 'index.html';\r\n    }\r\n\r\n    return request;\r\n}\r\n",
            "comment": "Add .html extension for Next.js static export",
            "etag": "ETVPDKIKX0DER",
            "id": "dev-url-rewrite",
            "key_value_store_associations": [],
            "live_stage_etag": "ETVPDKIKX0DER",
            "name": "dev-url-rewrite",
            "publish": true,
            "runtime": "cloudfront-js-1.0",
            "status": "UNASSOCIATED"
          },
          "sensitive_attributes": [],
          "identity_schema_version": 0,
          "private": "bnVsbA=="
        }
      ]
    },
    {
      "mode": "managed",
      "type": "aws_cloudfront_origin_access_identity",
      "name": "website",
      "provider": "provider[\"registry.terraform.io/hashicorp/aws\"].personal",
      "instances": [
        {
          "schema_version": 0,
          "attributes": {
            "arn": "arn:aws:cloudfront::339878329114:origin-access-identity/E3FB6CLC7GJ41E",
            "caller_reference": "terraform-20260116213020090000000001",
            "cloudfront_access_identity_path": "origin-access-identity/cloudfront/E3FB6CLC7GJ41E",
            "comment": "OAI for hover-admin-frontend-dev",
            "etag": "ETVPDKIKX0DER",
            "iam_arn": "arn:aws:iam::cloudfront:user/CloudFront Origin Access Identity E3FB6CLC7GJ41E",
            "id": "E3FB6CLC7GJ41E",
            "s3_canonical_user_id": "17c1f3122f4a0d31875d39c7ea7a2b1fb92856339cb5965055e3a541268aebc07a5d3db91b3d799c329c14dab78893b3"
          },
          "sensitive_attributes": [],
          "identity_schema_version": 0,
          "private": "bnVsbA=="
        }
      ]
    },
    {
      "mode": "managed",
      "type": "aws_iam_role",
      "name": "amplify_role",
      "provider": "provider[\"registry.terraform.io/hashicorp/aws\"]",
      "instances": [
        {
          "schema_version": 0,
          "attributes": {
            "arn": "arn:aws:iam::052869941234:role/hover-admin-frontend-amplify-role-dev",
            "assume_role_policy": "{\"Statement\":[{\"Action\":\"sts:AssumeRole\",\"Effect\":\"Allow\",\"Principal\":{\"Service\":\"amplify.amazonaws.com\"}}],\"Version\":\"2012-10-17\"}",
            "create_date": "2026-01-16T21:30:20Z",
            "description": "",
            "force_detach_policies": false,
            "id": "hover-admin-frontend-amplify-role-dev",
            "inline_policy": [
              {
                "name": "hover-admin-frontend-amplify-custom-dev",
                "policy": "{\"Version\":\"2012-10-17\",\"Statement\":[{\"Action\":[\"logs:CreateLogGroup\",\"logs:CreateLogStream\",\"logs:PutLogEvents\"],\"Effect\":\"Allow\",\"Resource\":\"arn:aws:logs:*:*:*\"}]}"
              }
            ],
            "managed_policy_arns": [
              "arn:aws:iam::aws:policy/AdministratorAccess-Amplify"
            ],
            "max_session_duration": 3600,
            "name": "hover-admin-frontend-amplify-role-dev",
            "name_prefix": "",
            "path": "/",
            "permissions_boundary": "",
            "tags": {
              "Name": "hover-admin-frontend-amplify-role"
            },
            "tags_all": {
              "Environment": "dev",
              "ManagedBy": "Terraform",
              "Name": "hover-admin-frontend-amplify-role",
              "Project": "Hover Admin Frontend"
            },
            "unique_id": "AROAQYT2LI7ZCCZWCEGSX"
          },
          "sensitive_attributes": [],
          "identity_schema_version": 0,
          "private": "bnVsbA=="
        }
      ]
    },
    {
      "mode": "managed",
      "type": "aws_iam_role_policy",
      "name": "amplify_custom",
      "provider": "provider[\"registry.terraform.io/hashicorp/aws\"]",
      "instances": [
        {
          "schema_version": 0,
          "attributes": {
            "id": "hover-admin-frontend-amplify-role-dev:hover-admin-frontend-amplify-custom-dev",
            "name": "hover-admin-frontend-amplify-custom-dev",
            "name_prefix": "",
            "policy": "{\"Version\":\"2012-10-17\",\"Statement\":[{\"Action\":[\"logs:CreateLogGroup\",\"logs:CreateLogStream\",\"logs:PutLogEvents\"],\"Effect\":\"Allow\",\"Resource\":\"arn:aws:logs:*:*:*\"}]}",
            "role": "hover-admin-frontend-amplify-role-dev"
          },
          "sensitive_attributes": [],
          "identity_schema_version": 0,
          "private": "bnVsbA==",
          "dependencies": [
            "aws_iam_role.amplify_role"
          ]
        }
      ]
    },
    {
      "mode": "managed",
      "type": "aws_iam_role_policy_attachment",
      "name": "amplify_backend_deployment",
      "provider": "provider[\"registry.terraform.io/hashicorp/aws\"]",
      "instances": [
        {
          "schema_version": 0,
          "attributes": {
            "id": "hover-admin-frontend-amplify-role-dev-20260116213020443400000001",
            "policy_arn": "arn:aws:iam::aws:policy/AdministratorAccess-Amplify",
            "role": "hover-admin-frontend-amplify-role-dev"
          },
          "sensitive_attributes": [],
          "identity_schema_version": 0,
          "private": "bnVsbA==",
          "dependencies": [
            "aws_iam_role.amplify_role"
          ]
        }
      ]
    },
    {
      "mode": "managed",
      "type": "aws_route53_record",
      "name": "amplify_domain",
      "provider": "provider[\"registry.terraform.io/hashicorp/aws\"].personal",
      "instances": [
        {
          "index_key": 0,
          "schema_version": 2,
          "attributes": {
            "alias": [],
            "allow_overwrite": null,
            "cidr_routing_policy": [],
            "failover_routing_policy": [],
            "fqdn": "dev.admin.samwylock.com",
            "geolocation_routing_policy": [],
            "geoproximity_routing_policy": [],
            "health_check_id": "",
            "id": "Z0463989E6ZRMK2X7OOO_dev.admin_CNAME",
            "latency_routing_policy": [],
            "multivalue_answer_routing_policy": false,
            "name": "dev.admin",
            "records": [
              "master.dyyzhyn0517sf.amplifyapp.com"
            ],
            "set_identifier": "",
            "timeouts": null,
            "ttl": 300,
            "type": "CNAME",
            "weighted_routing_policy": [],
            "zone_id": "Z0463989E6ZRMK2X7OOO"
          },
          "sensitive_attributes": [],
          "identity_schema_version": 0,
          "private": "eyJlMmJmYjczMC1lY2FhLTExZTYtOGY4OC0zNDM2M2JjN2M0YzAiOnsiY3JlYXRlIjoxODAwMDAwMDAwMDAwLCJkZWxldGUiOjE4MDAwMDAwMDAwMDAsInVwZGF0ZSI6MTgwMDAwMDAwMDAwMH0sInNjaGVtYV92ZXJzaW9uIjoiMiJ9",
          "dependencies": [
            "aws_amplify_app.frontend",
            "aws_amplify_branch.main",
            "aws_amplify_domain_association.main"
          ]
        }
      ]
    },
    {
      "mode": "managed",
      "type": "aws_s3_bucket",
      "name": "website",
      "provider": "provider[\"registry.terraform.io/hashicorp/aws\"]",
      "instances": [
        {
          "schema_version": 0,
          "attributes": {
            "acceleration_status": "",
            "acl": null,
            "arn": "arn:aws:s3:::hover-admin-frontend-files",
            "bucket": "hover-admin-frontend-files",
            "bucket_domain_name": "hover-admin-frontend-files.s3.amazonaws.com",
            "bucket_prefix": "",
            "bucket_regional_domain_name": "hover-admin-frontend-files.s3.us-east-1.amazonaws.com",
            "cors_rule": [],
            "force_destroy": false,
            "grant": [
              {
                "id": "c857887300eb60a7ee287dd3b4c379cdb3419ad2d442821db9b0063f36c34a45",
                "permissions": [
                  "FULL_CONTROL"
                ],
                "type": "CanonicalUser",
                "uri": ""
              }
            ],
            "hosted_zone_id": "Z3AQBSTGFYJSTF",
            "id": "hover-admin-frontend-files",
            "lifecycle_rule": [],
            "logging": [],
            "object_lock_configuration": [],
            "object_lock_enabled": false,
            "policy": "",
            "region": "us-east-1",
            "replication_configuration": [],
            "request_payer": "BucketOwner",
            "server_side_encryption_configuration": [
              {
                "rule": [
                  {
                    "apply_server_side_encryption_by_default": [
                      {
                        "kms_master_key_id": "",
                        "sse_algorithm": "AES256"
                      }
                    ],
                    "bucket_key_enabled": false
                  }
                ]
              }
            ],
            "tags": {
              "Name": "Hover Admin Frontend Website"
            },
            "tags_all": {
              "Environment": "dev",
              "ManagedBy": "Terraform",
              "Name": "Hover Admin Frontend Website",
              "Project": "Hover Admin Frontend"
            },
            "timeouts": null,
            "versioning": [
              {
                "enabled": false,
                "mfa_delete": false
              }
            ],
            "website": [],
            "website_domain": null,
            "website_endpoint": null
          },
          "sensitive_attributes": [],
          "identity_schema_version": 0,
          "private": "eyJlMmJmYjczMC1lY2FhLTExZTYtOGY4OC0zNDM2M2JjN2M0YzAiOnsiY3JlYXRlIjoxMjAwMDAwMDAwMDAwLCJkZWxldGUiOjM2MDAwMDAwMDAwMDAsInJlYWQiOjEyMDAwMDAwMDAwMDAsInVwZGF0ZSI6MTIwMDAwMDAwMDAwMH19"
        }
      ]
    },
    {
      "mode": "managed",
      "type": "aws_s3_bucket_policy",
      "name": "website",
      "provider": "provider[\"registry.terraform.io/hashicorp/aws\"]",
      "instances": [
        {
          "schema_version": 0,
          "attributes": {
            "bucket": "hover-admin-frontend-files",
            "id": "hover-admin-frontend-files",
            "policy": "{\"Statement\":[{\"Action\":\"s3:GetObject\",\"Effect\":\"Allow\",\"Principal\":{\"AWS\":\"arn:aws:iam::cloudfront:user/CloudFront Origin Access Identity E3FB6CLC7GJ41E\"},\"Resource\":\"arn:aws:s3:::hover-admin-frontend-files/*\",\"Sid\":\"AllowCloudFrontAccess\"}],\"Version\":\"2012-10-17\"}"
          },
          "sensitive_attributes": [],
          "identity_schema_version": 0,
          "private": "bnVsbA==",
          "dependencies": [
            "aws_cloudfront_origin_access_identity.website",
            "aws_s3_bucket.website",
            "data.aws_iam_policy_document.s3_policy"
          ]
        }
      ]
    },
    {
      "mode": "managed",
      "type": "aws_s3_bucket_public_access_block",
      "name": "website",
      "provider": "provider[\"registry.terraform.io/hashicorp/aws\"]",
      "instances": [
        {
          "schema_version": 0,
          "attributes": {
            "block_public_acls": true,
            "block_public_policy": true,
            "bucket": "hover-admin-frontend-files",
            "id": "hover-admin-frontend-files",
            "ignore_public_acls": true,
            "restrict_public_buckets": true
          },
          "sensitive_attributes": [],
          "identity_schema_version": 0,
          "private": "bnVsbA==",
          "dependencies": [
            "aws_s3_bucket.website"
          ]
        }
      ]
    },
    {
      "mode": "managed",
      "type": "aws_s3_bucket_website_configuration",
      "name": "website",
      "provider": "provider[\"registry.terraform.io/hashicorp/aws\"]",
      "instances": [
        {
          "schema_version": 0,
          "attributes": {
            "bucket": "hover-admin-frontend-files",
            "error_document": [
              {
                "key": "404.html"
              }
            ],
            "expected_bucket_owner": "",
            "id": "hover-admin-frontend-files",
            "index_document": [
              {
                "suffix": "index.html"
              }
            ],
            "redirect_all_requests_to": [],
            "routing_rule": [],
            "routing_rules": "",
            "website_domain": "s3-website-us-east-1.amazonaws.com",
            "website_endpoint": "hover-admin-frontend-files.s3-website-us-east-1.amazonaws.com"
          },
          "sensitive_attributes": [],
          "identity_schema_version": 0,
          "private": "bnVsbA==",
          "dependencies": [
            "aws_s3_bucket.website"
          ]
        }
      ]
    }
  ],
  "check_results": null
}
